
Microsoft Visual Studio Solution File, Format Version 12.00
# Visual Studio Version 16
VisualStudioVersion = 16.0.30011.22
MinimumVisualStudioVersion = 10.0.40219.1
Project("{FAE04EC0-301F-11D3-BF4B-00C04F79EFBC}") = "MyBlazerApp.Server", "MyBlazerApp\Server\MyBlazerApp.Server.csproj", "{35FF8FE4-C161-44F0-AA1C-22494F743C54}"
EndProject
Project("{FAE04EC0-301F-11D3-BF4B-00C04F79EFBC}") = "MyBlazerApp.Client", "MyBlazerApp\Client\MyBlazerApp.Client.csproj", "{B9EB4330-1A0C-45A9-AF2F-FF9C74F4B6EC}"
EndProject
Project("{FAE04EC0-301F-11D3-BF4B-00C04F79EFBC}") = "MyBlazerApp.Shared", "MyBlazerApp\Shared\MyBlazerApp.Shared.csproj", "{988E9860-812D-420F-A6F0-C8EDC0DC848C}"
EndProject
Global
	GlobalSection(SolutionConfigurationPlatforms) = preSolution
		Debug|Any CPU = Debug|Any CPU
		Release|Any CPU = Release|Any CPU
	EndGlobalSection
	GlobalSection(ProjectConfigurationPlatforms) = postSolution
		{35FF8FE4-C161-44F0-AA1C-22494F743C54}.Debug|Any CPU.ActiveCfg = Debug|Any CPU
		{35FF8FE4-C161-44F0-AA1C-22494F743C54}.Debug|Any CPU.Build.0 = Debug|Any CPU
		{35FF8FE4-C161-44F0-AA1C-22494F743C54}.Release|Any CPU.ActiveCfg = Release|Any CPU
		{35FF8FE4-C161-44F0-AA1C-22494F743C54}.Release|Any CPU.Build.0 = Release|Any CPU
		{B9EB4330-1A0C-45A9-AF2F-FF9C74F4B6EC}.Debug|Any CPU.ActiveCfg = Debug|Any CPU
		{B9EB4330-1A0C-45A9-AF2F-FF9C74F4B6EC}.Debug|Any CPU.Build.0 = Debug|Any CPU
		{B9EB4330-1A0C-45A9-AF2F-FF9C74F4B6EC}.Release|Any CPU.ActiveCfg = Release|Any CPU
		{B9EB4330-1A0C-45A9-AF2F-FF9C74F4B6EC}.Release|Any CPU.Build.0 = Release|Any CPU
		{988E9860-812D-420F-A6F0-C8EDC0DC848C}.Debug|Any CPU.ActiveCfg = Debug|Any CPU
		{988E9860-812D-420F-A6F0-C8EDC0DC848C}.Debug|Any CPU.Build.0 = Debug|Any CPU
		{988E9860-812D-420F-A6F0-C8EDC0DC848C}.Release|Any CPU.ActiveCfg = Release|Any CPU
		{988E9860-812D-420F-A6F0-C8EDC0DC848C}.Release|Any CPU.Build.0 = Release|Any CPU
	EndGlobalSection
	GlobalSection(SolutionProperties) = preSolution
		HideSolutionNode = FALSE
	EndGlobalSection
	GlobalSection(ExtensibilityGlobals) = postSolution
		SolutionGuid = {3CC70AEC-C556-4730-BAA7-7881ED569874}
	EndGlobalSection
EndGlobal
